{
  "requires": true,
  "lockfileVersion": 1,
  "dependencies": {
    "mdbootstrap": {
      "version": "4.7.1",
      "resolved": "https://registry.npmjs.org/mdbootstrap/-/mdbootstrap-4.7.1.tgz",
      "integrity": "sha512-zijBqpiJR94UKF9PZwAQudN/cvqQRXluqGOk4iD6DUbHCDhRA7Tbjs0Qi0Y1Ky4EJgQkj2lPv8ac9+Y7tKf7eQ=="
    }
  }
}
